
Microsoft Visual Studio Solution File, Format Version 12.00
# Visual Studio Version 17
VisualStudioVersion = 17.2.32526.322
MinimumVisualStudioVersion = 10.0.40219.1
Project("{FAE04EC0-301F-11D3-BF4B-00C04F79EFBC}") = "JenkinsConsoleApp", "JenkinsConsoleApp\JenkinsConsoleApp.csproj", "{5E290087-BAAC-4678-8005-DCC7D0943834}"
EndProject
Project("{FAE04EC0-301F-11D3-BF4B-00C04F79EFBC}") = "JenkinsUnitTests", "JenkinsUnitTests\JenkinsUnitTests.csproj", "{0106DC3B-1AFC-4A83-A84A-80661B4624C8}"
EndProject
Global
	GlobalSection(SolutionConfigurationPlatforms) = preSolution
		Debug|Any CPU = Debug|Any CPU
		Release|Any CPU = Release|Any CPU
	EndGlobalSection
	GlobalSection(ProjectConfigurationPlatforms) = postSolution
		{5E290087-BAAC-4678-8005-DCC7D0943834}.Debug|Any CPU.ActiveCfg = Debug|Any CPU
		{5E290087-BAAC-4678-8005-DCC7D0943834}.Debug|Any CPU.Build.0 = Debug|Any CPU
		{5E290087-BAAC-4678-8005-DCC7D0943834}.Release|Any CPU.ActiveCfg = Release|Any CPU
		{5E290087-BAAC-4678-8005-DCC7D0943834}.Release|Any CPU.Build.0 = Release|Any CPU
		{0106DC3B-1AFC-4A83-A84A-80661B4624C8}.Debug|Any CPU.ActiveCfg = Debug|Any CPU
		{0106DC3B-1AFC-4A83-A84A-80661B4624C8}.Debug|Any CPU.Build.0 = Debug|Any CPU
		{0106DC3B-1AFC-4A83-A84A-80661B4624C8}.Release|Any CPU.ActiveCfg = Release|Any CPU
		{0106DC3B-1AFC-4A83-A84A-80661B4624C8}.Release|Any CPU.Build.0 = Release|Any CPU
	EndGlobalSection
	GlobalSection(SolutionProperties) = preSolution
		HideSolutionNode = FALSE
	EndGlobalSection
	GlobalSection(ExtensibilityGlobals) = postSolution
		SolutionGuid = {7B574947-498E-4417-98ED-75F8630D9B87}
	EndGlobalSection
EndGlobal
